{
  "name": "zeppos-easy-ble",
  "lockfileVersion": 3,
  "requires": true,
  "packages": {
    "": {
      "dependencies": {
        "@silver-zepp/easy-ble": "^1.7.8"
      }
    },
    "node_modules/@silver-zepp/easy-ble": {
      "version": "1.7.8",
      "resolved": "https://registry.npmjs.org/@silver-zepp/easy-ble/-/easy-ble-1.7.8.tgz",
      "integrity": "sha512-D3AwHSnqswXrij9TyQ0af3UqAihs+d1Gl5gVk+KBRAOCGSVayEYu4kBdZ25/rc06Wjdwf1fTvHIDotn9z0bJcw=="
    }
  }
}
